
Microsoft Visual Studio Solution File, Format Version 12.00
# Visual Studio Version 16
VisualStudioVersion = 16.0.31605.320
MinimumVisualStudioVersion = 10.0.40219.1
Project("{FAE04EC0-301F-11D3-BF4B-00C04F79EFBC}") = "Exer2Grupo", "Exer2Grupo\Exer2Grupo.csproj", "{65929CA6-E3DD-437E-8CC7-6D70B215D872}"
EndProject
Global
	GlobalSection(SolutionConfigurationPlatforms) = preSolution
		Debug|Any CPU = Debug|Any CPU
		Release|Any CPU = Release|Any CPU
	EndGlobalSection
	GlobalSection(ProjectConfigurationPlatforms) = postSolution
		{65929CA6-E3DD-437E-8CC7-6D70B215D872}.Debug|Any CPU.ActiveCfg = Debug|Any CPU
		{65929CA6-E3DD-437E-8CC7-6D70B215D872}.Debug|Any CPU.Build.0 = Debug|Any CPU
		{65929CA6-E3DD-437E-8CC7-6D70B215D872}.Release|Any CPU.ActiveCfg = Release|Any CPU
		{65929CA6-E3DD-437E-8CC7-6D70B215D872}.Release|Any CPU.Build.0 = Release|Any CPU
	EndGlobalSection
	GlobalSection(SolutionProperties) = preSolution
		HideSolutionNode = FALSE
	EndGlobalSection
	GlobalSection(ExtensibilityGlobals) = postSolution
		SolutionGuid = {BDC3B30B-4D6F-4D26-AA25-D947A49F6F73}
	EndGlobalSection
EndGlobal
